{
  "name": "pixi-engine",
  "version": "1.0.0",
  "lockfileVersion": 1,
  "requires": true,
  "dependencies": {
    "@gamestdio/clock": {
      "version": "1.1.9",
      "resolved": "https://registry.npmjs.org/@gamestdio/clock/-/clock-1.1.9.tgz",
      "integrity": "sha1-d+wMAROR+7/ctPMhEkKVNv2GgMs="
    },
    "@gamestdio/timer": {
      "version": "1.1.9",
      "resolved": "https://registry.npmjs.org/@gamestdio/timer/-/timer-1.1.9.tgz",
      "integrity": "sha512-nU8FN0EJksJVAlizPg8K+82lP84SG54G8oS0GuMt42Uu3mFRXpz21jQ02xBT7nNPpJ5nwZkTHfr6Gy/ayZ5Dkw==",
      "requires": {
        "@gamestdio/clock": "1.1.9"
      }
    },
    "@types/pixi.js": {
      "version": "4.6.1",
      "resolved": "https://registry.npmjs.org/@types/pixi.js/-/pixi.js-4.6.1.tgz",
      "integrity": "sha512-eF5g52ZpjV6w5bD6Aqf9PMvDYV6z1EcbPr/Z38QoCXLSoejvjKFdywtRPf+86gg6cYVkfSCyl9UdnthgNzsQkg==",
      "dev": true
    },
    "bit-twiddle": {
      "version": "1.0.2",
      "resolved": "https://registry.npmjs.org/bit-twiddle/-/bit-twiddle-1.0.2.tgz",
      "integrity": "sha1-DGwfq+KyPRcXPZpht7cJPrnhdp4=",
      "dev": true
    },
    "earcut": {
      "version": "2.1.2",
      "resolved": "https://registry.npmjs.org/earcut/-/earcut-2.1.2.tgz",
      "integrity": "sha512-ji2b8qOVwK4WChYTbpKo983518wEqY2wrpkd85Us/LLw+3O7G0jGvGbHgQERuovrv3Cop9cEpiNkhqVQSkgTtA==",
      "dev": true
    },
    "eventemitter3": {
      "version": "2.0.3",
      "resolved": "https://registry.npmjs.org/eventemitter3/-/eventemitter3-2.0.3.tgz",
      "integrity": "sha1-teEHm1n7XhuidxwKmTvgYKWMmbo=",
      "dev": true
    },
    "ismobilejs": {
      "version": "0.4.1",
      "resolved": "https://registry.npmjs.org/ismobilejs/-/ismobilejs-0.4.1.tgz",
      "integrity": "sha1-Gl8SbHD+05yT2jgPpiy65XI+fcI=",
      "dev": true
    },
    "mini-signals": {
      "version": "1.2.0",
      "resolved": "https://registry.npmjs.org/mini-signals/-/mini-signals-1.2.0.tgz",
      "integrity": "sha1-RbCAE8X65RokqhqTXNMXye1yHXQ=",
      "dev": true
    },
    "object-assign": {
      "version": "4.1.1",
      "resolved": "https://registry.npmjs.org/object-assign/-/object-assign-4.1.1.tgz",
      "integrity": "sha1-IQmtx5ZYh8/AXLvUQsrIv7s2CGM=",
      "dev": true
    },
    "parse-uri": {
      "version": "1.0.0",
      "resolved": "https://registry.npmjs.org/parse-uri/-/parse-uri-1.0.0.tgz",
      "integrity": "sha1-KHLcwi8aeXrN4Vg9igrClVLdrCA=",
      "dev": true
    },
    "pixi-gl-core": {
      "version": "1.1.4",
      "resolved": "https://registry.npmjs.org/pixi-gl-core/-/pixi-gl-core-1.1.4.tgz",
      "integrity": "sha1-i0tcQzsx5Bm8N53FZc4bg1qRs3I=",
      "dev": true
    },
    "pixi.js": {
      "version": "4.6.2",
      "resolved": "https://registry.npmjs.org/pixi.js/-/pixi.js-4.6.2.tgz",
      "integrity": "sha1-8TyHtWfKTIraPBqaC9NjlBe57Pc=",
      "dev": true,
      "requires": {
        "bit-twiddle": "1.0.2",
        "earcut": "2.1.2",
        "eventemitter3": "2.0.3",
        "ismobilejs": "0.4.1",
        "object-assign": "4.1.1",
        "pixi-gl-core": "1.1.4",
        "remove-array-items": "1.0.0",
        "resource-loader": "2.0.9"
      }
    },
    "remove-array-items": {
      "version": "1.0.0",
      "resolved": "https://registry.npmjs.org/remove-array-items/-/remove-array-items-1.0.0.tgz",
      "integrity": "sha1-B79CyzMvTPboXq2DteToltIyayE=",
      "dev": true
    },
    "resource-loader": {
      "version": "2.0.9",
      "resolved": "https://registry.npmjs.org/resource-loader/-/resource-loader-2.0.9.tgz",
      "integrity": "sha1-ZdO1CpguSCYLrPg1KE4actl4gG0=",
      "dev": true,
      "requires": {
        "mini-signals": "1.2.0",
        "parse-uri": "1.0.0"
      }
    },
    "typescript": {
      "version": "2.6.2",
      "resolved": "https://registry.npmjs.org/typescript/-/typescript-2.6.2.tgz",
      "integrity": "sha1-PFtv1/beCRQmkCfwPAlGdY92c6Q=",
      "dev": true
    }
  }
}
